
Microsoft Visual Studio Solution File, Format Version 12.00
# Visual Studio Version 17
VisualStudioVersion = 17.13.35919.96
MinimumVisualStudioVersion = 10.0.40219.1
Project("{FAE04EC0-301F-11D3-BF4B-00C04F79EFBC}") = "InnatAPP.Domain", "InnatAPP.Domain\InnatAPP.Domain.csproj", "{780C7432-A4FF-45D0-9151-3E339FA55E9D}"
EndProject
Project("{FAE04EC0-301F-11D3-BF4B-00C04F79EFBC}") = "InnatAPP.Application", "InnatAPP.Application\InnatAPP.Application.csproj", "{5C42F45B-215B-4994-BAC4-50DBD9CE23EF}"
EndProject
Project("{FAE04EC0-301F-11D3-BF4B-00C04F79EFBC}") = "InnatAPP.Infra.IoC", "InnatAPP.Infra.IoC\InnatAPP.Infra.IoC.csproj", "{494A8F9A-4B40-441E-B1E0-1662EA50BEAF}"
EndProject
Project("{FAE04EC0-301F-11D3-BF4B-00C04F79EFBC}") = "InnatAPP.Domain.Tests", "InnatAPP.Domain.Tests\InnatAPP.Domain.Tests.csproj", "{B215ADC4-08B6-4898-9117-612D45086D02}"
EndProject
Project("{FAE04EC0-301F-11D3-BF4B-00C04F79EFBC}") = "InnatAPP.API", "InnatAPP.App\InnatAPP.API.csproj", "{939FFD0C-A4B9-4B15-81E1-A2F34833F2C5}"
EndProject
Project("{FAE04EC0-301F-11D3-BF4B-00C04F79EFBC}") = "InnatAPP.Infra.Data", "InnatAPP.Infra.Data\InnatAPP.Infra.Data.csproj", "{918EE8CD-F4B9-4C43-B677-8D244B2C5B1D}"
EndProject
Global
	GlobalSection(SolutionConfigurationPlatforms) = preSolution
		Debug|Any CPU = Debug|Any CPU
		Release|Any CPU = Release|Any CPU
	EndGlobalSection
	GlobalSection(ProjectConfigurationPlatforms) = postSolution
		{780C7432-A4FF-45D0-9151-3E339FA55E9D}.Debug|Any CPU.ActiveCfg = Debug|Any CPU
		{780C7432-A4FF-45D0-9151-3E339FA55E9D}.Debug|Any CPU.Build.0 = Debug|Any CPU
		{780C7432-A4FF-45D0-9151-3E339FA55E9D}.Release|Any CPU.ActiveCfg = Release|Any CPU
		{780C7432-A4FF-45D0-9151-3E339FA55E9D}.Release|Any CPU.Build.0 = Release|Any CPU
		{5C42F45B-215B-4994-BAC4-50DBD9CE23EF}.Debug|Any CPU.ActiveCfg = Debug|Any CPU
		{5C42F45B-215B-4994-BAC4-50DBD9CE23EF}.Debug|Any CPU.Build.0 = Debug|Any CPU
		{5C42F45B-215B-4994-BAC4-50DBD9CE23EF}.Release|Any CPU.ActiveCfg = Release|Any CPU
		{5C42F45B-215B-4994-BAC4-50DBD9CE23EF}.Release|Any CPU.Build.0 = Release|Any CPU
		{494A8F9A-4B40-441E-B1E0-1662EA50BEAF}.Debug|Any CPU.ActiveCfg = Debug|Any CPU
		{494A8F9A-4B40-441E-B1E0-1662EA50BEAF}.Debug|Any CPU.Build.0 = Debug|Any CPU
		{494A8F9A-4B40-441E-B1E0-1662EA50BEAF}.Release|Any CPU.ActiveCfg = Release|Any CPU
		{494A8F9A-4B40-441E-B1E0-1662EA50BEAF}.Release|Any CPU.Build.0 = Release|Any CPU
		{B215ADC4-08B6-4898-9117-612D45086D02}.Debug|Any CPU.ActiveCfg = Debug|Any CPU
		{B215ADC4-08B6-4898-9117-612D45086D02}.Debug|Any CPU.Build.0 = Debug|Any CPU
		{B215ADC4-08B6-4898-9117-612D45086D02}.Release|Any CPU.ActiveCfg = Release|Any CPU
		{B215ADC4-08B6-4898-9117-612D45086D02}.Release|Any CPU.Build.0 = Release|Any CPU
		{939FFD0C-A4B9-4B15-81E1-A2F34833F2C5}.Debug|Any CPU.ActiveCfg = Debug|Any CPU
		{939FFD0C-A4B9-4B15-81E1-A2F34833F2C5}.Debug|Any CPU.Build.0 = Debug|Any CPU
		{939FFD0C-A4B9-4B15-81E1-A2F34833F2C5}.Release|Any CPU.ActiveCfg = Release|Any CPU
		{939FFD0C-A4B9-4B15-81E1-A2F34833F2C5}.Release|Any CPU.Build.0 = Release|Any CPU
		{918EE8CD-F4B9-4C43-B677-8D244B2C5B1D}.Debug|Any CPU.ActiveCfg = Debug|Any CPU
		{918EE8CD-F4B9-4C43-B677-8D244B2C5B1D}.Debug|Any CPU.Build.0 = Debug|Any CPU
		{918EE8CD-F4B9-4C43-B677-8D244B2C5B1D}.Release|Any CPU.ActiveCfg = Release|Any CPU
		{918EE8CD-F4B9-4C43-B677-8D244B2C5B1D}.Release|Any CPU.Build.0 = Release|Any CPU
	EndGlobalSection
	GlobalSection(SolutionProperties) = preSolution
		HideSolutionNode = FALSE
	EndGlobalSection
	GlobalSection(ExtensibilityGlobals) = postSolution
		SolutionGuid = {4158F85D-FD84-4029-92A3-CFD835752367}
	EndGlobalSection
EndGlobal
